// !$*UTF8*$!
{
	archiveVersion = 1;
	classes = {
	};
	objectVersion = 46;
	objects = {

/* Begin PBXBuildFile section */
		2DFFC4B01CFB676B008E8FF5 /* AppDelegate.swift in Sources */ = {isa = PBXBuildFile; fileRef = 2DFFC4AF1CFB676B008E8FF5 /* AppDelegate.swift */; };
		2DFFC4B21CFB676B008E8FF5 /* Assets.xcassets in Resources */ = {isa = PBXBuildFile; fileRef = 2DFFC4B11CFB676B008E8FF5 /* Assets.xcassets */; };
		2DFFC4B51CFB676B008E8FF5 /* MainMenu.xib in Resources */ = {isa = PBXBuildFile; fileRef = 2DFFC4B31CFB676B008E8FF5 /* MainMenu.xib */; };
		2DFFC4C21CFB8CF4008E8FF5 /* menuicon-invert.png in Resources */ = {isa = PBXBuildFile; fileRef = 2DFFC4C01CFB8CF4008E8FF5 /* menuicon-invert.png */; };
		2DFFC4C31CFB8CF4008E8FF5 /* menuicon.png in Resources */ = {isa = PBXBuildFile; fileRef = 2DFFC4C11CFB8CF4008E8FF5 /* menuicon.png */; };
/* End PBXBuildFile section */

/* Begin PBXFileReference section */
		2DFFC4AC1CFB676B008E8FF5 /* Kill Mouse Acceleration.app */ = {isa = PBXFileReference; explicitFileType = wrapper.application; includeInIndex = 0; path = "Kill Mouse Acceleration.app"; sourceTree = BUILT_PRODUCTS_DIR; };
		2DFFC4AF1CFB676B008E8FF5 /* AppDelegate.swift */ = {isa = PBXFileReference; lastKnownFileType = sourcecode.swift; path = AppDelegate.swift; sourceTree = "<group>"; };
		2DFFC4B11CFB676B008E8FF5 /* Assets.xcassets */ = {isa = PBXFileReference; lastKnownFileType = folder.assetcatalog; path = Assets.xcassets; sourceTree = "<group>"; };
		2DFFC4B41CFB676B008E8FF5 /* Base */ = {isa = PBXFileReference; lastKnownFileType = file.xib; name = Base; path = Base.lproj/MainMenu.xib; sourceTree = "<group>"; };
		2DFFC4B61CFB676B008E8FF5 /* Info.plist */ = {isa = PBXFileReference; lastKnownFileType = text.plist.xml; path = Info.plist; sourceTree = "<group>"; };
		2DFFC4C01CFB8CF4008E8FF5 /* menuicon-invert.png */ = {isa = PBXFileReference; lastKnownFileType = image.png; path = "menuicon-invert.png"; sourceTree = "<group>"; };
		2DFFC4C11CFB8CF4008E8FF5 /* menuicon.png */ = {isa = PBXFileReference; lastKnownFileType = image.png; path = menuicon.png; sourceTree = "<group>"; };
/* End PBXFileReference section */

/* Begin PBXFrameworksBuildPhase section */
		2DFFC4A91CFB676B008E8FF5 /* Frameworks */ = {
			isa = PBXFrameworksBuildPhase;
			buildActionMask = 2147483647;
			files = (
			);
			runOnlyForDeploymentPostprocessing = 0;
		};
/* End PBXFrameworksBuildPhase section */

/* Begin PBXGroup section */
		2DFFC4A31CFB676B008E8FF5 = {
			isa = PBXGroup;
			children = (
				2DFFC4AE1CFB676B008E8FF5 /* Kill Mouse Acceleration */,
				2DFFC4AD1CFB676B008E8FF5 /* Products */,
			);
			sourceTree = "<group>";
		};
		2DFFC4AD1CFB676B008E8FF5 /* Products */ = {
			isa = PBXGroup;
			children = (
				2DFFC4AC1CFB676B008E8FF5 /* Kill Mouse Acceleration.app */,
			);
			name = Products;
			sourceTree = "<group>";
		};
		2DFFC4AE1CFB676B008E8FF5 /* Kill Mouse Acceleration */ = {
			isa = PBXGroup;
			children = (
				2DFFC4C01CFB8CF4008E8FF5 /* menuicon-invert.png */,
				2DFFC4C11CFB8CF4008E8FF5 /* menuicon.png */,
				2DFFC4AF1CFB676B008E8FF5 /* AppDelegate.swift */,
				2DFFC4B11CFB676B008E8FF5 /* Assets.xcassets */,
				2DFFC4B31CFB676B008E8FF5 /* MainMenu.xib */,
				2DFFC4B61CFB676B008E8FF5 /* Info.plist */,
			);
			path = "Kill Mouse Acceleration";
			sourceTree = "<group>";
		};
/* End PBXGroup section */

/* Begin PBXNativeTarget section */
		2DFFC4AB1CFB676B008E8FF5 /* Kill Mouse Acceleration */ = {
			isa = PBXNativeTarget;
			buildConfigurationList = 2DFFC4B91CFB676B008E8FF5 /* Build configuration list for PBXNativeTarget "Kill Mouse Acceleration" */;
			buildPhases = (
				2DFFC4A81CFB676B008E8FF5 /* Sources */,
				2DFFC4A91CFB676B008E8FF5 /* Frameworks */,
				2DFFC4AA1CFB676B008E8FF5 /* Resources */,
			);
			buildRules = (
			);
			dependencies = (
			);
			name = "Kill Mouse Acceleration";
			productName = "Kill Mouse Acceleration";
			productReference = 2DFFC4AC1CFB676B008E8FF5 /* Kill Mouse Acceleration.app */;
			productType = "com.apple.product-type.application";
		};
/* End PBXNativeTarget section */

/* Begin PBXProject section */
		2DFFC4A41CFB676B008E8FF5 /* Project object */ = {
			isa = PBXProject;
			attributes = {
				LastSwiftUpdateCheck = 0730;
				LastUpgradeCheck = 0730;
				ORGANIZATIONNAME = "Seph Soliman";
				TargetAttributes = {
					2DFFC4AB1CFB676B008E8FF5 = {
						CreatedOnToolsVersion = 7.3.1;
					};
				};
			};
			buildConfigurationList = 2DFFC4A71CFB676B008E8FF5 /* Build configuration list for PBXProject "Kill Mouse Acceleration" */;
			compatibilityVersion = "Xcode 3.2";
			developmentRegion = English;
			hasScannedForEncodings = 0;
			knownRegions = (
				en,
				Base,
			);
			mainGroup = 2DFFC4A31CFB676B008E8FF5;
			productRefGroup = 2DFFC4AD1CFB676B008E8FF5 /* Products */;
			projectDirPath = "";
			projectRoot = "";
			targets = (
				2DFFC4AB1CFB676B008E8FF5 /* Kill Mouse Acceleration */,
			);
		};
/* End PBXProject section */

/* Begin PBXResourcesBuildPhase section */
		2DFFC4AA1CFB676B008E8FF5 /* Resources */ = {
			isa = PBXResourcesBuildPhase;
			buildActionMask = 2147483647;
			files = (
				2DFFC4B21CFB676B008E8FF5 /* Assets.xcassets in Resources */,
				2DFFC4C31CFB8CF4008E8FF5 /* menuicon.png in Resources */,
				2DFFC4B51CFB676B008E8FF5 /* MainMenu.xib in Resources */,
				2DFFC4C21CFB8CF4008E8FF5 /* menuicon-invert.png in Resources */,
			);
			runOnlyForDeploymentPostprocessing = 0;
		};
/* End PBXResourcesBuildPhase section */

/* Begin PBXSourcesBuildPhase section */
		2DFFC4A81CFB676B008E8FF5 /* Sources */ = {
			isa = PBXSourcesBuildPhase;
			buildActionMask = 2147483647;
			files = (
				2DFFC4B01CFB676B008E8FF5 /* AppDelegate.swift in Sources */,
			);
			runOnlyForDeploymentPostprocessing = 0;
		};
/* End PBXSourcesBuildPhase section */

/* Begin PBXVariantGroup section */
		2DFFC4B31CFB676B008E8FF5 /* MainMenu.xib */ = {
			isa = PBXVariantGroup;
			children = (
				2DFFC4B41CFB676B008E8FF5 /* Base */,
			);
			name = MainMenu.xib;
			sourceTree = "<group>";
		};
/* End PBXVariantGroup section */

/* Begin XCBuildConfiguration section */
		2DFFC4B71CFB676B008E8FF5 /* Debug */ = {
			isa = XCBuildConfiguration;
			buildSettings = {
				ALWAYS_SEARCH_USER_PATHS = NO;
				CLANG_ANALYZER_NONNULL = YES;
				CLANG_CXX_LANGUAGE_STANDARD = "gnu++0x";
				CLANG_CXX_LIBRARY = "libc++";
				CLANG_ENABLE_MODULES = YES;
				CLANG_ENABLE_OBJC_ARC = YES;
				CLANG_WARN_BOOL_CONVERSION = YES;
				CLANG_WARN_CONSTANT_CONVERSION = YES;
				CLANG_WARN_DIRECT_OBJC_ISA_USAGE = YES_ERROR;
				CLANG_WARN_EMPTY_BODY = YES;
				CLANG_WARN_ENUM_CONVERSION = YES;
				CLANG_WARN_INT_CONVERSION = YES;
				CLANG_WARN_OBJC_ROOT_CLASS = YES_ERROR;
				CLANG_WARN_UNREACHABLE_CODE = YES;
				CLANG_WARN__DUPLICATE_METHOD_MATCH = YES;
				CODE_SIGN_IDENTITY = "-";
				COPY_PHASE_STRIP = NO;
				DEBUG_INFORMATION_FORMAT = dwarf;
				ENABLE_STRICT_OBJC_MSGSEND = YES;
				ENABLE_TESTABILITY = YES;
				GCC_C_LANGUAGE_STANDARD = gnu99;
				GCC_DYNAMIC_NO_PIC = NO;
				GCC_NO_COMMON_BLOCKS = YES;
				GCC_OPTIMIZATION_LEVEL = 0;
				GCC_PREPROCESSOR_DEFINITIONS = (
					"DEBUG=1",
					"$(inherited)",
				);
				GCC_WARN_64_TO_32_BIT_CONVERSION = YES;
				GCC_WARN_ABOUT_RETURN_TYPE = YES_ERROR;
				GCC_WARN_UNDECLARED_SELECTOR = YES;
				GCC_WARN_UNINITIALIZED_AUTOS = YES_AGGRESSIVE;
				GCC_WARN_UNUSED_FUNCTION = YES;
				GCC_WARN_UNUSED_VARIABLE = YES;
				MACOSX_DEPLOYMENT_TARGET = 10.11;
				MTL_ENABLE_DEBUG_INFO = YES;
				ONLY_ACTIVE_ARCH = YES;
				SDKROOT = macosx;
				SWIFT_OPTIMIZATION_LEVEL = "-Onone";
			};
			name = Debug;
		};
		2DFFC4B81CFB676B008E8FF5 /* Release */ = {
			isa = XCBuildConfiguration;
			buildSettings = {
				ALWAYS_SEARCH_USER_PATHS = NO;
				CLANG_ANALYZER_NONNULL = YES;
				CLANG_CXX_LANGUAGE_STANDARD = "gnu++0x";
				CLANG_CXX_LIBRARY = "libc++";
				CLANG_ENABLE_MODULES = YES;
				CLANG_ENABLE_OBJC_ARC = YES;
				CLANG_WARN_BOOL_CONVERSION = YES;
				CLANG_WARN_CONSTANT_CONVERSION = YES;
				CLANG_WARN_DIRECT_OBJC_ISA_USAGE = YES_ERROR;
				CLANG_WARN_EMPTY_BODY = YES;
				CLANG_WARN_ENUM_CONVERSION = YES;
				CLANG_WARN_INT_CONVERSION = YES;
				CLANG_WARN_OBJC_ROOT_CLASS = YES_ERROR;
				CLANG_WARN_UNREACHABLE_CODE = YES;
				CLANG_WARN__DUPLICATE_METHOD_MATCH = YES;
				CODE_SIGN_IDENTITY = "-";
				COPY_PHASE_STRIP = NO;
				DEBUG_INFORMATION_FORMAT = "dwarf-with-dsym";
				ENABLE_NS_ASSERTIONS = NO;
				ENABLE_STRICT_OBJC_MSGSEND = YES;
				GCC_C_LANGUAGE_STANDARD = gnu99;
				GCC_NO_COMMON_BLOCKS = YES;
				GCC_WARN_64_TO_32_BIT_CONVERSION = YES;
				GCC_WARN_ABOUT_RETURN_TYPE = YES_ERROR;
				GCC_WARN_UNDECLARED_SELECTOR = YES;
				GCC_WARN_UNINITIALIZED_AUTOS = YES_AGGRESSIVE;
				GCC_WARN_UNUSED_FUNCTION = YES;
				GCC_WARN_UNUSED_VARIABLE = YES;
				MACOSX_DEPLOYMENT_TARGET = 10.11;
				MTL_ENABLE_DEBUG_INFO = NO;
				SDKROOT = macosx;
			};
			name = Release;
		};
		2DFFC4BA1CFB676B008E8FF5 /* Debug */ = {
			isa = XCBuildConfiguration;
			buildSettings = {
				ASSETCATALOG_COMPILER_APPICON_NAME = AppIcon;
				COMBINE_HIDPI_IMAGES = YES;
				INFOPLIST_FILE = "Kill Mouse Acceleration/Info.plist";
				LD_RUNPATH_SEARCH_PATHS = "$(inherited) @executable_path/../Frameworks";
				PRODUCT_BUNDLE_IDENTIFIER = "seph.Kill-Mouse-Acceleration";
				PRODUCT_NAME = "$(TARGET_NAME)";
			};
			name = Debug;
		};
		2DFFC4BB1CFB676B008E8FF5 /* Release */ = {
			isa = XCBuildConfiguration;
			buildSettings = {
				ASSETCATALOG_COMPILER_APPICON_NAME = AppIcon;
				COMBINE_HIDPI_IMAGES = YES;
				INFOPLIST_FILE = "Kill Mouse Acceleration/Info.plist";
				LD_RUNPATH_SEARCH_PATHS = "$(inherited) @executable_path/../Frameworks";
				PRODUCT_BUNDLE_IDENTIFIER = "seph.Kill-Mouse-Acceleration";
				PRODUCT_NAME = "$(TARGET_NAME)";
			};
			name = Release;
		};
/* End XCBuildConfiguration section */

/* Begin XCConfigurationList section */
		2DFFC4A71CFB676B008E8FF5 /* Build configuration list for PBXProject "Kill Mouse Acceleration" */ = {
			isa = XCConfigurationList;
			buildConfigurations = (
				2DFFC4B71CFB676B008E8FF5 /* Debug */,
				2DFFC4B81CFB676B008E8FF5 /* Release */,
			);
			defaultConfigurationIsVisible = 0;
			defaultConfigurationName = Release;
		};
		2DFFC4B91CFB676B008E8FF5 /* Build configuration list for PBXNativeTarget "Kill Mouse Acceleration" */ = {
			isa = XCConfigurationList;
			buildConfigurations = (
				2DFFC4BA1CFB676B008E8FF5 /* Debug */,
				2DFFC4BB1CFB676B008E8FF5 /* Release */,
			);
			defaultConfigurationIsVisible = 0;
		};
/* End XCConfigurationList section */
	};
	rootObject = 2DFFC4A41CFB676B008E8FF5 /* Project object */;
}
